
Microsoft Visual Studio Solution File, Format Version 12.00
# Visual Studio 15
VisualStudioVersion = 15.0.28010.2026
MinimumVisualStudioVersion = 10.0.40219.1
Project("{9A19103F-16F7-4668-BE54-9A1E7A4F7556}") = "NoSqlCoreService", "NoSqlCoreService\NoSqlCoreService.csproj", "{B2BC54C2-B4F1-41F0-B775-312D71145F38}"
EndProject
Project("{9A19103F-16F7-4668-BE54-9A1E7A4F7556}") = "WX.Domain", "WX.Entitys\WX.Domain.csproj", "{81900847-FCDB-4E7A-9155-6C655C31B583}"
EndProject
Project("{9A19103F-16F7-4668-BE54-9A1E7A4F7556}") = "WX.Respository", "WX.Respository\WX.Respository.csproj", "{B8E1EC95-7A46-4DEF-A0C7-A34BAB196EF6}"
EndProject
Project("{9A19103F-16F7-4668-BE54-9A1E7A4F7556}") = "WechatAppUnitTest", "WechatAppUnitTest\WechatAppUnitTest.csproj", "{6C4378E5-BD7D-4716-8606-3BCC2BCC4888}"
EndProject
Project("{2150E333-8FDC-42A3-9474-1A3956D46DE8}") = "Infrastructure", "Infrastructure", "{525B9778-ADEA-41FF-9627-5A8FE443B398}"
EndProject
Project("{2150E333-8FDC-42A3-9474-1A3956D46DE8}") = "Huang", "Huang", "{2522C592-1B56-42E9-83A0-0C0A00064F5E}"
EndProject
Project("{FAE04EC0-301F-11D3-BF4B-00C04F79EFBC}") = "MongoDbCommon", "MongoDbCommon\MongoDbCommon.csproj", "{1EFA7FFC-E23D-44B1-A740-71F04CF7D56C}"
EndProject
Project("{2150E333-8FDC-42A3-9474-1A3956D46DE8}") = "NoSqlService", "NoSqlService", "{ECF0EF57-FF3F-4A3A-B0D5-E409A5F9B306}"
EndProject
Project("{2150E333-8FDC-42A3-9474-1A3956D46DE8}") = "Tools", "Tools", "{7629B956-48E6-48E0-B8A9-438531B9BD75}"
EndProject
Project("{FAE04EC0-301F-11D3-BF4B-00C04F79EFBC}") = "CommUtils", "CommUtils\CommUtils.csproj", "{80A25FBB-01EA-4A6D-951B-8976B05AC0D1}"
EndProject
Project("{2150E333-8FDC-42A3-9474-1A3956D46DE8}") = "Test", "Test", "{BC213CAC-0198-44B2-AFBD-E92D0CCEB93E}"
EndProject
Project("{FAE04EC0-301F-11D3-BF4B-00C04F79EFBC}") = "WX.API", "WX.API\WX.API.csproj", "{4E06C3D7-06F8-4123-93A5-03E3C91E1C81}"
EndProject
Global
	GlobalSection(SolutionConfigurationPlatforms) = preSolution
		Debug|Any CPU = Debug|Any CPU
		Release|Any CPU = Release|Any CPU
	EndGlobalSection
	GlobalSection(ProjectConfigurationPlatforms) = postSolution
		{B2BC54C2-B4F1-41F0-B775-312D71145F38}.Debug|Any CPU.ActiveCfg = Debug|Any CPU
		{B2BC54C2-B4F1-41F0-B775-312D71145F38}.Debug|Any CPU.Build.0 = Debug|Any CPU
		{B2BC54C2-B4F1-41F0-B775-312D71145F38}.Release|Any CPU.ActiveCfg = Release|Any CPU
		{B2BC54C2-B4F1-41F0-B775-312D71145F38}.Release|Any CPU.Build.0 = Release|Any CPU
		{81900847-FCDB-4E7A-9155-6C655C31B583}.Debug|Any CPU.ActiveCfg = Debug|Any CPU
		{81900847-FCDB-4E7A-9155-6C655C31B583}.Debug|Any CPU.Build.0 = Debug|Any CPU
		{81900847-FCDB-4E7A-9155-6C655C31B583}.Release|Any CPU.ActiveCfg = Release|Any CPU
		{81900847-FCDB-4E7A-9155-6C655C31B583}.Release|Any CPU.Build.0 = Release|Any CPU
		{B8E1EC95-7A46-4DEF-A0C7-A34BAB196EF6}.Debug|Any CPU.ActiveCfg = Debug|Any CPU
		{B8E1EC95-7A46-4DEF-A0C7-A34BAB196EF6}.Debug|Any CPU.Build.0 = Debug|Any CPU
		{B8E1EC95-7A46-4DEF-A0C7-A34BAB196EF6}.Release|Any CPU.ActiveCfg = Release|Any CPU
		{B8E1EC95-7A46-4DEF-A0C7-A34BAB196EF6}.Release|Any CPU.Build.0 = Release|Any CPU
		{6C4378E5-BD7D-4716-8606-3BCC2BCC4888}.Debug|Any CPU.ActiveCfg = Debug|Any CPU
		{6C4378E5-BD7D-4716-8606-3BCC2BCC4888}.Debug|Any CPU.Build.0 = Debug|Any CPU
		{6C4378E5-BD7D-4716-8606-3BCC2BCC4888}.Release|Any CPU.ActiveCfg = Release|Any CPU
		{6C4378E5-BD7D-4716-8606-3BCC2BCC4888}.Release|Any CPU.Build.0 = Release|Any CPU
		{1EFA7FFC-E23D-44B1-A740-71F04CF7D56C}.Debug|Any CPU.ActiveCfg = Debug|Any CPU
		{1EFA7FFC-E23D-44B1-A740-71F04CF7D56C}.Debug|Any CPU.Build.0 = Debug|Any CPU
		{1EFA7FFC-E23D-44B1-A740-71F04CF7D56C}.Release|Any CPU.ActiveCfg = Release|Any CPU
		{1EFA7FFC-E23D-44B1-A740-71F04CF7D56C}.Release|Any CPU.Build.0 = Release|Any CPU
		{80A25FBB-01EA-4A6D-951B-8976B05AC0D1}.Debug|Any CPU.ActiveCfg = Debug|Any CPU
		{80A25FBB-01EA-4A6D-951B-8976B05AC0D1}.Debug|Any CPU.Build.0 = Debug|Any CPU
		{80A25FBB-01EA-4A6D-951B-8976B05AC0D1}.Release|Any CPU.ActiveCfg = Release|Any CPU
		{80A25FBB-01EA-4A6D-951B-8976B05AC0D1}.Release|Any CPU.Build.0 = Release|Any CPU
		{4E06C3D7-06F8-4123-93A5-03E3C91E1C81}.Debug|Any CPU.ActiveCfg = Debug|Any CPU
		{4E06C3D7-06F8-4123-93A5-03E3C91E1C81}.Debug|Any CPU.Build.0 = Debug|Any CPU
		{4E06C3D7-06F8-4123-93A5-03E3C91E1C81}.Release|Any CPU.ActiveCfg = Release|Any CPU
		{4E06C3D7-06F8-4123-93A5-03E3C91E1C81}.Release|Any CPU.Build.0 = Release|Any CPU
	EndGlobalSection
	GlobalSection(SolutionProperties) = preSolution
		HideSolutionNode = FALSE
	EndGlobalSection
	GlobalSection(NestedProjects) = preSolution
		{B2BC54C2-B4F1-41F0-B775-312D71145F38} = {ECF0EF57-FF3F-4A3A-B0D5-E409A5F9B306}
		{81900847-FCDB-4E7A-9155-6C655C31B583} = {2522C592-1B56-42E9-83A0-0C0A00064F5E}
		{B8E1EC95-7A46-4DEF-A0C7-A34BAB196EF6} = {2522C592-1B56-42E9-83A0-0C0A00064F5E}
		{6C4378E5-BD7D-4716-8606-3BCC2BCC4888} = {2522C592-1B56-42E9-83A0-0C0A00064F5E}
		{1EFA7FFC-E23D-44B1-A740-71F04CF7D56C} = {ECF0EF57-FF3F-4A3A-B0D5-E409A5F9B306}
		{ECF0EF57-FF3F-4A3A-B0D5-E409A5F9B306} = {525B9778-ADEA-41FF-9627-5A8FE443B398}
		{7629B956-48E6-48E0-B8A9-438531B9BD75} = {525B9778-ADEA-41FF-9627-5A8FE443B398}
		{80A25FBB-01EA-4A6D-951B-8976B05AC0D1} = {7629B956-48E6-48E0-B8A9-438531B9BD75}
		{BC213CAC-0198-44B2-AFBD-E92D0CCEB93E} = {525B9778-ADEA-41FF-9627-5A8FE443B398}
		{4E06C3D7-06F8-4123-93A5-03E3C91E1C81} = {2522C592-1B56-42E9-83A0-0C0A00064F5E}
	EndGlobalSection
	GlobalSection(ExtensibilityGlobals) = postSolution
		SolutionGuid = {9A05FC8E-0EC4-4D97-A9FA-02E891EA220D}
	EndGlobalSection
EndGlobal
